# THIS IS AN AUTOGENERATED FILE. DO NOT EDIT THIS FILE DIRECTLY.
# yarn lockfile v1


eslint-plugin-simple-import-sort@^7.0.0:
  version "7.0.0"
  resolved "https://registry.yarnpkg.com/eslint-plugin-simple-import-sort/-/eslint-plugin-simple-import-sort-7.0.0.tgz#a1dad262f46d2184a90095a60c66fef74727f0f8"
  integrity sha512-U3vEDB5zhYPNfxT5TYR7u01dboFZp+HNpnGhkDB2g/2E4wZ/g1Q9Ton8UwCLfRV9yAKyYqDh62oHOamvkFxsvw==
